PODS:
  - AEXML (4.6.0)
  - SSZipArchive (2.2.3)

DEPENDENCIES:
  - AEXML
  - SSZipArchive

SPEC REPOS:
  trunk:
    - AEXML
    - SSZipArchive

SPEC CHECKSUMS:
  AEXML: 2fbb73d8724797ed2cde888731e176fa4d44dd83
  SSZipArchive: 62d4947b08730e4cda640473b0066d209ff033c9

PODFILE CHECKSUM: a057cb7525b50402d63009f31e500ce168510318

COCOAPODS: 1.10.0
